// !$*UTF8*$!
{
	archiveVersion = 1;
	classes = {
	};
	objectVersion = 52;
	objects = {

/* Begin PBXBuildFile section */
		FA83551D233A756F00E4F46B /* AppDelegate.swift in Sources */ = {isa = PBXBuildFile; fileRef = FA83551C233A756F00E4F46B /* AppDelegate.swift */; };
		FA83551F233A756F00E4F46B /* ContentView.swift in Sources */ = {isa = PBXBuildFile; fileRef = FA83551E233A756F00E4F46B /* ContentView.swift */; };
		FA835521233A757100E4F46B /* Assets.xcassets in Resources */ = {isa = PBXBuildFile; fileRef = FA835520233A757100E4F46B /* Assets.xcassets */; };
		FA835524233A757100E4F46B /* Preview Assets.xcassets in Resources */ = {isa = PBXBuildFile; fileRef = FA835523233A757100E4F46B /* Preview Assets.xcassets */; };
		FA835527233A757100E4F46B /* Main.storyboard in Resources */ = {isa = PBXBuildFile; fileRef = FA835525233A757100E4F46B /* Main.storyboard */; };
		FA835533233A757100E4F46B /* BLE_ViewerTests.swift in Sources */ = {isa = PBXBuildFile; fileRef = FA835532233A757100E4F46B /* BLE_ViewerTests.swift */; };
		FA83553F233A75C700E4F46B /* KeychainAccess.swift in Sources */ = {isa = PBXBuildFile; fileRef = FA83553E233A75C700E4F46B /* KeychainAccess.swift */; };
		FA835541233B5F4900E4F46B /* BLEDecryptor.swift in Sources */ = {isa = PBXBuildFile; fileRef = FA835540233B5F4900E4F46B /* BLEDecryptor.swift */; };
		FA835544233B5F7400E4F46B /* BLEReceiver.swift in Sources */ = {isa = PBXBuildFile; fileRef = FA835543233B5F7400E4F46B /* BLEReceiver.swift */; };
		FA835547233B62C500E4F46B /* Logging.swift in Sources */ = {isa = PBXBuildFile; fileRef = FA835546233B62C500E4F46B /* Logging.swift */; };
		FA835549233B690800E4F46B /* HexToDataExtensions.swift in Sources */ = {isa = PBXBuildFile; fileRef = FA835548233B690800E4F46B /* HexToDataExtensions.swift */; };
		FA83554B233B6FAA00E4F46B /* HandoffBLE.swift in Sources */ = {isa = PBXBuildFile; fileRef = FA83554A233B6FAA00E4F46B /* HandoffBLE.swift */; };
		FA83554F233B718600E4F46B /* DataIntExtensions.swift in Sources */ = {isa = PBXBuildFile; fileRef = FA83554E233B718600E4F46B /* DataIntExtensions.swift */; };
		FA835552233B82C800E4F46B /* CryptoSwift in Frameworks */ = {isa = PBXBuildFile; productRef = FA835551233B82C800E4F46B /* CryptoSwift */; };
		FA835554233B86D900E4F46B /* BLEScannerVC.swift in Sources */ = {isa = PBXBuildFile; fileRef = FA835553233B86D900E4F46B /* BLEScannerVC.swift */; };
/* End PBXBuildFile section */

/* Begin PBXContainerItemProxy section */
		FA83552F233A757100E4F46B /* PBXContainerItemProxy */ = {
			isa = PBXContainerItemProxy;
			containerPortal = FA835511233A756F00E4F46B /* Project object */;
			proxyType = 1;
			remoteGlobalIDString = FA835518233A756F00E4F46B;
			remoteInfo = "BLE-Viewer";
		};
/* End PBXContainerItemProxy section */

/* Begin PBXFileReference section */
		FA835519233A756F00E4F46B /* BLE-Viewer.app */ = {isa = PBXFileReference; explicitFileType = wrapper.application; includeInIndex = 0; path = "BLE-Viewer.app"; sourceTree = BUILT_PRODUCTS_DIR; };
		FA83551C233A756F00E4F46B /* AppDelegate.swift */ = {isa = PBXFileReference; lastKnownFileType = sourcecode.swift; path = AppDelegate.swift; sourceTree = "<group>"; };
		FA83551E233A756F00E4F46B /* ContentView.swift */ = {isa = PBXFileReference; lastKnownFileType = sourcecode.swift; path = ContentView.swift; sourceTree = "<group>"; };
		FA835520233A757100E4F46B /* Assets.xcassets */ = {isa = PBXFileReference; lastKnownFileType = folder.assetcatalog; path = Assets.xcassets; sourceTree = "<group>"; };
		FA835523233A757100E4F46B /* Preview Assets.xcassets */ = {isa = PBXFileReference; lastKnownFileType = folder.assetcatalog; path = "Preview Assets.xcassets"; sourceTree = "<group>"; };
		FA835526233A757100E4F46B /* Base */ = {isa = PBXFileReference; lastKnownFileType = file.storyboard; name = Base; path = Base.lproj/Main.storyboard; sourceTree = "<group>"; };
		FA835528233A757100E4F46B /* Info.plist */ = {isa = PBXFileReference; lastKnownFileType = text.plist.xml; path = Info.plist; sourceTree = "<group>"; };
		FA835529233A757100E4F46B /* BLE_Viewer.entitlements */ = {isa = PBXFileReference; lastKnownFileType = text.plist.entitlements; path = BLE_Viewer.entitlements; sourceTree = "<group>"; };
		FA83552E233A757100E4F46B /* BLE-ViewerTests.xctest */ = {isa = PBXFileReference; explicitFileType = wrapper.cfbundle; includeInIndex = 0; path = "BLE-ViewerTests.xctest"; sourceTree = BUILT_PRODUCTS_DIR; };
		FA835532233A757100E4F46B /* BLE_ViewerTests.swift */ = {isa = PBXFileReference; lastKnownFileType = sourcecode.swift; path = BLE_ViewerTests.swift; sourceTree = "<group>"; };
		FA835534233A757100E4F46B /* Info.plist */ = {isa = PBXFileReference; lastKnownFileType = text.plist.xml; path = Info.plist; sourceTree = "<group>"; };
		FA83553E233A75C700E4F46B /* KeychainAccess.swift */ = {isa = PBXFileReference; lastKnownFileType = sourcecode.swift; path = KeychainAccess.swift; sourceTree = "<group>"; };
		FA835540233B5F4900E4F46B /* BLEDecryptor.swift */ = {isa = PBXFileReference; lastKnownFileType = sourcecode.swift; path = BLEDecryptor.swift; sourceTree = "<group>"; };
		FA835543233B5F7400E4F46B /* BLEReceiver.swift */ = {isa = PBXFileReference; lastKnownFileType = sourcecode.swift; path = BLEReceiver.swift; sourceTree = "<group>"; };
		FA835546233B62C500E4F46B /* Logging.swift */ = {isa = PBXFileReference; lastKnownFileType = sourcecode.swift; path = Logging.swift; sourceTree = "<group>"; };
		FA835548233B690800E4F46B /* HexToDataExtensions.swift */ = {isa = PBXFileReference; fileEncoding = 4; lastKnownFileType = sourcecode.swift; path = HexToDataExtensions.swift; sourceTree = "<group>"; };
		FA83554A233B6FAA00E4F46B /* HandoffBLE.swift */ = {isa = PBXFileReference; lastKnownFileType = sourcecode.swift; path = HandoffBLE.swift; sourceTree = "<group>"; };
		FA83554E233B718600E4F46B /* DataIntExtensions.swift */ = {isa = PBXFileReference; lastKnownFileType = sourcecode.swift; path = DataIntExtensions.swift; sourceTree = "<group>"; };
		FA835553233B86D900E4F46B /* BLEScannerVC.swift */ = {isa = PBXFileReference; lastKnownFileType = sourcecode.swift; path = BLEScannerVC.swift; sourceTree = "<group>"; };
/* End PBXFileReference section */

/* Begin PBXFrameworksBuildPhase section */
		FA835516233A756F00E4F46B /* Frameworks */ = {
			isa = PBXFrameworksBuildPhase;
			buildActionMask = 2147483647;
			files = (
				FA835552233B82C800E4F46B /* CryptoSwift in Frameworks */,
			);
			runOnlyForDeploymentPostprocessing = 0;
		};
		FA83552B233A757100E4F46B /* Frameworks */ = {
			isa = PBXFrameworksBuildPhase;
			buildActionMask = 2147483647;
			files = (
			);
			runOnlyForDeploymentPostprocessing = 0;
		};
/* End PBXFrameworksBuildPhase section */

/* Begin PBXGroup section */
		FA835510233A756F00E4F46B = {
			isa = PBXGroup;
			children = (
				FA83551B233A756F00E4F46B /* BLE-Viewer */,
				FA835531233A757100E4F46B /* BLE-ViewerTests */,
				FA83551A233A756F00E4F46B /* Products */,
			);
			sourceTree = "<group>";
		};
		FA83551A233A756F00E4F46B /* Products */ = {
			isa = PBXGroup;
			children = (
				FA835519233A756F00E4F46B /* BLE-Viewer.app */,
				FA83552E233A757100E4F46B /* BLE-ViewerTests.xctest */,
			);
			name = Products;
			sourceTree = "<group>";
		};
		FA83551B233A756F00E4F46B /* BLE-Viewer */ = {
			isa = PBXGroup;
			children = (
				FA83551C233A756F00E4F46B /* AppDelegate.swift */,
				FA83551E233A756F00E4F46B /* ContentView.swift */,
				FA835553233B86D900E4F46B /* BLEScannerVC.swift */,
				FA835520233A757100E4F46B /* Assets.xcassets */,
				FA835525233A757100E4F46B /* Main.storyboard */,
				FA835528233A757100E4F46B /* Info.plist */,
				FA835529233A757100E4F46B /* BLE_Viewer.entitlements */,
				FA83554D233B717700E4F46B /* Extensions */,
				FA835545233B62B700E4F46B /* Logging */,
				FA835542233B5F6200E4F46B /* BLE */,
				FA83553D233A757F00E4F46B /* Crypto */,
				FA835522233A757100E4F46B /* Preview Content */,
			);
			path = "BLE-Viewer";
			sourceTree = "<group>";
		};
		FA835522233A757100E4F46B /* Preview Content */ = {
			isa = PBXGroup;
			children = (
				FA835523233A757100E4F46B /* Preview Assets.xcassets */,
			);
			path = "Preview Content";
			sourceTree = "<group>";
		};
		FA835531233A757100E4F46B /* BLE-ViewerTests */ = {
			isa = PBXGroup;
			children = (
				FA835532233A757100E4F46B /* BLE_ViewerTests.swift */,
				FA835534233A757100E4F46B /* Info.plist */,
			);
			path = "BLE-ViewerTests";
			sourceTree = "<group>";
		};
		FA83553D233A757F00E4F46B /* Crypto */ = {
			isa = PBXGroup;
			children = (
				FA83553E233A75C700E4F46B /* KeychainAccess.swift */,
				FA835540233B5F4900E4F46B /* BLEDecryptor.swift */,
			);
			path = Crypto;
			sourceTree = "<group>";
		};
		FA835542233B5F6200E4F46B /* BLE */ = {
			isa = PBXGroup;
			children = (
				FA835543233B5F7400E4F46B /* BLEReceiver.swift */,
				FA83554A233B6FAA00E4F46B /* HandoffBLE.swift */,
			);
			path = BLE;
			sourceTree = "<group>";
		};
		FA835545233B62B700E4F46B /* Logging */ = {
			isa = PBXGroup;
			children = (
				FA835546233B62C500E4F46B /* Logging.swift */,
			);
			path = Logging;
			sourceTree = "<group>";
		};
		FA83554D233B717700E4F46B /* Extensions */ = {
			isa = PBXGroup;
			children = (
				FA835548233B690800E4F46B /* HexToDataExtensions.swift */,
				FA83554E233B718600E4F46B /* DataIntExtensions.swift */,
			);
			path = Extensions;
			sourceTree = "<group>";
		};
/* End PBXGroup section */

/* Begin PBXNativeTarget section */
		FA835518233A756F00E4F46B /* BLE-Viewer */ = {
			isa = PBXNativeTarget;
			buildConfigurationList = FA835537233A757100E4F46B /* Build configuration list for PBXNativeTarget "BLE-Viewer" */;
			buildPhases = (
				FA835515233A756F00E4F46B /* Sources */,
				FA835516233A756F00E4F46B /* Frameworks */,
				FA835517233A756F00E4F46B /* Resources */,
			);
			buildRules = (
			);
			dependencies = (
			);
			name = "BLE-Viewer";
			packageProductDependencies = (
				FA835551233B82C800E4F46B /* CryptoSwift */,
			);
			productName = "BLE-Viewer";
			productReference = FA835519233A756F00E4F46B /* BLE-Viewer.app */;
			productType = "com.apple.product-type.application";
		};
		FA83552D233A757100E4F46B /* BLE-ViewerTests */ = {
			isa = PBXNativeTarget;
			buildConfigurationList = FA83553A233A757100E4F46B /* Build configuration list for PBXNativeTarget "BLE-ViewerTests" */;
			buildPhases = (
				FA83552A233A757100E4F46B /* Sources */,
				FA83552B233A757100E4F46B /* Frameworks */,
				FA83552C233A757100E4F46B /* Resources */,
			);
			buildRules = (
			);
			dependencies = (
				FA835530233A757100E4F46B /* PBXTargetDependency */,
			);
			name = "BLE-ViewerTests";
			productName = "BLE-ViewerTests";
			productReference = FA83552E233A757100E4F46B /* BLE-ViewerTests.xctest */;
			productType = "com.apple.product-type.bundle.unit-test";
		};
/* End PBXNativeTarget section */

/* Begin PBXProject section */
		FA835511233A756F00E4F46B /* Project object */ = {
			isa = PBXProject;
			attributes = {
				LastSwiftUpdateCheck = 1100;
				LastUpgradeCheck = 1100;
				ORGANIZATIONNAME = "Alexander Heinrich";
				TargetAttributes = {
					FA835518233A756F00E4F46B = {
						CreatedOnToolsVersion = 11.0;
					};
					FA83552D233A757100E4F46B = {
						CreatedOnToolsVersion = 11.0;
						TestTargetID = FA835518233A756F00E4F46B;
					};
				};
			};
			buildConfigurationList = FA835514233A756F00E4F46B /* Build configuration list for PBXProject "BLE-Viewer" */;
			compatibilityVersion = "Xcode 9.3";
			developmentRegion = en;
			hasScannedForEncodings = 0;
			knownRegions = (
				en,
				Base,
			);
			mainGroup = FA835510233A756F00E4F46B;
			packageReferences = (
				FA835550233B82C800E4F46B /* XCRemoteSwiftPackageReference "CryptoSwift" */,
			);
			productRefGroup = FA83551A233A756F00E4F46B /* Products */;
			projectDirPath = "";
			projectRoot = "";
			targets = (
				FA835518233A756F00E4F46B /* BLE-Viewer */,
				FA83552D233A757100E4F46B /* BLE-ViewerTests */,
			);
		};
/* End PBXProject section */

/* Begin PBXResourcesBuildPhase section */
		FA835517233A756F00E4F46B /* Resources */ = {
			isa = PBXResourcesBuildPhase;
			buildActionMask = 2147483647;
			files = (
				FA835527233A757100E4F46B /* Main.storyboard in Resources */,
				FA835524233A757100E4F46B /* Preview Assets.xcassets in Resources */,
				FA835521233A757100E4F46B /* Assets.xcassets in Resources */,
			);
			runOnlyForDeploymentPostprocessing = 0;
		};
		FA83552C233A757100E4F46B /* Resources */ = {
			isa = PBXResourcesBuildPhase;
			buildActionMask = 2147483647;
			files = (
			);
			runOnlyForDeploymentPostprocessing = 0;
		};
/* End PBXResourcesBuildPhase section */

/* Begin PBXSourcesBuildPhase section */
		FA835515233A756F00E4F46B /* Sources */ = {
			isa = PBXSourcesBuildPhase;
			buildActionMask = 2147483647;
			files = (
				FA835544233B5F7400E4F46B /* BLEReceiver.swift in Sources */,
				FA835554233B86D900E4F46B /* BLEScannerVC.swift in Sources */,
				FA835547233B62C500E4F46B /* Logging.swift in Sources */,
				FA835541233B5F4900E4F46B /* BLEDecryptor.swift in Sources */,
				FA83551F233A756F00E4F46B /* ContentView.swift in Sources */,
				FA83554B233B6FAA00E4F46B /* HandoffBLE.swift in Sources */,
				FA83553F233A75C700E4F46B /* KeychainAccess.swift in Sources */,
				FA83554F233B718600E4F46B /* DataIntExtensions.swift in Sources */,
				FA83551D233A756F00E4F46B /* AppDelegate.swift in Sources */,
				FA835549233B690800E4F46B /* HexToDataExtensions.swift in Sources */,
			);
			runOnlyForDeploymentPostprocessing = 0;
		};
		FA83552A233A757100E4F46B /* Sources */ = {
			isa = PBXSourcesBuildPhase;
			buildActionMask = 2147483647;
			files = (
				FA835533233A757100E4F46B /* BLE_ViewerTests.swift in Sources */,
			);
			runOnlyForDeploymentPostprocessing = 0;
		};
/* End PBXSourcesBuildPhase section */

/* Begin PBXTargetDependency section */
		FA835530233A757100E4F46B /* PBXTargetDependency */ = {
			isa = PBXTargetDependency;
			target = FA835518233A756F00E4F46B /* BLE-Viewer */;
			targetProxy = FA83552F233A757100E4F46B /* PBXContainerItemProxy */;
		};
/* End PBXTargetDependency section */

/* Begin PBXVariantGroup section */
		FA835525233A757100E4F46B /* Main.storyboard */ = {
			isa = PBXVariantGroup;
			children = (
				FA835526233A757100E4F46B /* Base */,
			);
			name = Main.storyboard;
			sourceTree = "<group>";
		};
/* End PBXVariantGroup section */

/* Begin XCBuildConfiguration section */
		FA835535233A757100E4F46B /* Debug */ = {
			isa = XCBuildConfiguration;
			buildSettings = {
				ALWAYS_SEARCH_USER_PATHS = NO;
				CLANG_ANALYZER_NONNULL = YES;
				CLANG_ANALYZER_NUMBER_OBJECT_CONVERSION = YES_AGGRESSIVE;
				CLANG_CXX_LANGUAGE_STANDARD = "gnu++14";
				CLANG_CXX_LIBRARY = "libc++";
				CLANG_ENABLE_MODULES = YES;
				CLANG_ENABLE_OBJC_ARC = YES;
				CLANG_ENABLE_OBJC_WEAK = YES;
				CLANG_WARN_BLOCK_CAPTURE_AUTORELEASING = YES;
				CLANG_WARN_BOOL_CONVERSION = YES;
				CLANG_WARN_COMMA = YES;
				CLANG_WARN_CONSTANT_CONVERSION = YES;
				CLANG_WARN_DEPRECATED_OBJC_IMPLEMENTATIONS = YES;
				CLANG_WARN_DIRECT_OBJC_ISA_USAGE = YES_ERROR;
				CLANG_WARN_DOCUMENTATION_COMMENTS = YES;
				CLANG_WARN_EMPTY_BODY = YES;
				CLANG_WARN_ENUM_CONVERSION = YES;
				CLANG_WARN_INFINITE_RECURSION = YES;
				CLANG_WARN_INT_CONVERSION = YES;
				CLANG_WARN_NON_LITERAL_NULL_CONVERSION = YES;
				CLANG_WARN_OBJC_IMPLICIT_RETAIN_SELF = YES;
				CLANG_WARN_OBJC_LITERAL_CONVERSION = YES;
				CLANG_WARN_OBJC_ROOT_CLASS = YES_ERROR;
				CLANG_WARN_RANGE_LOOP_ANALYSIS = YES;
				CLANG_WARN_STRICT_PROTOTYPES = YES;
				CLANG_WARN_SUSPICIOUS_MOVE = YES;
				CLANG_WARN_UNGUARDED_AVAILABILITY = YES_AGGRESSIVE;
				CLANG_WARN_UNREACHABLE_CODE = YES;
				CLANG_WARN__DUPLICATE_METHOD_MATCH = YES;
				COPY_PHASE_STRIP = NO;
				DEBUG_INFORMATION_FORMAT = dwarf;
				ENABLE_STRICT_OBJC_MSGSEND = YES;
				ENABLE_TESTABILITY = YES;
				GCC_C_LANGUAGE_STANDARD = gnu11;
				GCC_DYNAMIC_NO_PIC = NO;
				GCC_NO_COMMON_BLOCKS = YES;
				GCC_OPTIMIZATION_LEVEL = 0;
				GCC_PREPROCESSOR_DEFINITIONS = (
					"DEBUG=1",
					"$(inherited)",
				);
				GCC_WARN_64_TO_32_BIT_CONVERSION = YES;
				GCC_WARN_ABOUT_RETURN_TYPE = YES_ERROR;
				GCC_WARN_UNDECLARED_SELECTOR = YES;
				GCC_WARN_UNINITIALIZED_AUTOS = YES_AGGRESSIVE;
				GCC_WARN_UNUSED_FUNCTION = YES;
				GCC_WARN_UNUSED_VARIABLE = YES;
				MACOSX_DEPLOYMENT_TARGET = 10.14;
				MTL_ENABLE_DEBUG_INFO = INCLUDE_SOURCE;
				MTL_FAST_MATH = YES;
				ONLY_ACTIVE_ARCH = YES;
				SDKROOT = macosx;
				SWIFT_ACTIVE_COMPILATION_CONDITIONS = DEBUG;
				SWIFT_OPTIMIZATION_LEVEL = "-Onone";
			};
			name = Debug;
		};
		FA835536233A757100E4F46B /* Release */ = {
			isa = XCBuildConfiguration;
			buildSettings = {
				ALWAYS_SEARCH_USER_PATHS = NO;
				CLANG_ANALYZER_NONNULL = YES;
				CLANG_ANALYZER_NUMBER_OBJECT_CONVERSION = YES_AGGRESSIVE;
				CLANG_CXX_LANGUAGE_STANDARD = "gnu++14";
				CLANG_CXX_LIBRARY = "libc++";
				CLANG_ENABLE_MODULES = YES;
				CLANG_ENABLE_OBJC_ARC = YES;
				CLANG_ENABLE_OBJC_WEAK = YES;
				CLANG_WARN_BLOCK_CAPTURE_AUTORELEASING = YES;
				CLANG_WARN_BOOL_CONVERSION = YES;
				CLANG_WARN_COMMA = YES;
				CLANG_WARN_CONSTANT_CONVERSION = YES;
				CLANG_WARN_DEPRECATED_OBJC_IMPLEMENTATIONS = YES;
				CLANG_WARN_DIRECT_OBJC_ISA_USAGE = YES_ERROR;
				CLANG_WARN_DOCUMENTATION_COMMENTS = YES;
				CLANG_WARN_EMPTY_BODY = YES;
				CLANG_WARN_ENUM_CONVERSION = YES;
				CLANG_WARN_INFINITE_RECURSION = YES;
				CLANG_WARN_INT_CONVERSION = YES;
				CLANG_WARN_NON_LITERAL_NULL_CONVERSION = YES;
				CLANG_WARN_OBJC_IMPLICIT_RETAIN_SELF = YES;
				CLANG_WARN_OBJC_LITERAL_CONVERSION = YES;
				CLANG_WARN_OBJC_ROOT_CLASS = YES_ERROR;
				CLANG_WARN_RANGE_LOOP_ANALYSIS = YES;
				CLANG_WARN_STRICT_PROTOTYPES = YES;
				CLANG_WARN_SUSPICIOUS_MOVE = YES;
				CLANG_WARN_UNGUARDED_AVAILABILITY = YES_AGGRESSIVE;
				CLANG_WARN_UNREACHABLE_CODE = YES;
				CLANG_WARN__DUPLICATE_METHOD_MATCH = YES;
				COPY_PHASE_STRIP = NO;
				DEBUG_INFORMATION_FORMAT = "dwarf-with-dsym";
				ENABLE_NS_ASSERTIONS = NO;
				ENABLE_STRICT_OBJC_MSGSEND = YES;
				GCC_C_LANGUAGE_STANDARD = gnu11;
				GCC_NO_COMMON_BLOCKS = YES;
				GCC_WARN_64_TO_32_BIT_CONVERSION = YES;
				GCC_WARN_ABOUT_RETURN_TYPE = YES_ERROR;
				GCC_WARN_UNDECLARED_SELECTOR = YES;
				GCC_WARN_UNINITIALIZED_AUTOS = YES_AGGRESSIVE;
				GCC_WARN_UNUSED_FUNCTION = YES;
				GCC_WARN_UNUSED_VARIABLE = YES;
				MACOSX_DEPLOYMENT_TARGET = 10.14;
				MTL_ENABLE_DEBUG_INFO = NO;
				MTL_FAST_MATH = YES;
				SDKROOT = macosx;
				SWIFT_COMPILATION_MODE = wholemodule;
				SWIFT_OPTIMIZATION_LEVEL = "-O";
			};
			name = Release;
		};
		FA835538233A757100E4F46B /* Debug */ = {
			isa = XCBuildConfiguration;
			buildSettings = {
				ASSETCATALOG_COMPILER_APPICON_NAME = AppIcon;
				CODE_SIGN_ENTITLEMENTS = "BLE-Viewer/BLE_Viewer.entitlements";
				CODE_SIGN_IDENTITY = "Apple Development";
				CODE_SIGN_STYLE = Automatic;
				COMBINE_HIDPI_IMAGES = YES;
				DEVELOPMENT_ASSET_PATHS = "\"BLE-Viewer/Preview Content\"";
				DEVELOPMENT_TEAM = A5U65N39SD;
				ENABLE_HARDENED_RUNTIME = YES;
				ENABLE_PREVIEWS = YES;
				INFOPLIST_FILE = "BLE-Viewer/Info.plist";
				LD_RUNPATH_SEARCH_PATHS = (
					"$(inherited)",
					"@executable_path/../Frameworks",
				);
				MACOSX_DEPLOYMENT_TARGET = 10.14;
				PRODUCT_BUNDLE_IDENTIFIER = "de.heinrich.alexander.BLE-Viewer";
				PRODUCT_NAME = "$(TARGET_NAME)";
				PROVISIONING_PROFILE_SPECIFIER = "";
				SWIFT_VERSION = 5.0;
			};
			name = Debug;
		};
		FA835539233A757100E4F46B /* Release */ = {
			isa = XCBuildConfiguration;
			buildSettings = {
				ASSETCATALOG_COMPILER_APPICON_NAME = AppIcon;
				CODE_SIGN_ENTITLEMENTS = "BLE-Viewer/BLE_Viewer.entitlements";
				CODE_SIGN_IDENTITY = "Apple Development";
				CODE_SIGN_STYLE = Automatic;
				COMBINE_HIDPI_IMAGES = YES;
				DEVELOPMENT_ASSET_PATHS = "\"BLE-Viewer/Preview Content\"";
				DEVELOPMENT_TEAM = A5U65N39SD;
				ENABLE_HARDENED_RUNTIME = YES;
				ENABLE_PREVIEWS = YES;
				INFOPLIST_FILE = "BLE-Viewer/Info.plist";
				LD_RUNPATH_SEARCH_PATHS = (
					"$(inherited)",
					"@executable_path/../Frameworks",
				);
				MACOSX_DEPLOYMENT_TARGET = 10.14;
				PRODUCT_BUNDLE_IDENTIFIER = "de.heinrich.alexander.BLE-Viewer";
				PRODUCT_NAME = "$(TARGET_NAME)";
				PROVISIONING_PROFILE_SPECIFIER = "";
				SWIFT_VERSION = 5.0;
			};
			name = Release;
		};
		FA83553B233A757100E4F46B /* Debug */ = {
			isa = XCBuildConfiguration;
			buildSettings = {
				ALWAYS_EMBED_SWIFT_STANDARD_LIBRARIES = YES;
				BUNDLE_LOADER = "$(TEST_HOST)";
				CODE_SIGN_IDENTITY = "Mac Developer";
				CODE_SIGN_STYLE = Automatic;
				COMBINE_HIDPI_IMAGES = YES;
				DEVELOPMENT_TEAM = A5U65N39SD;
				INFOPLIST_FILE = "BLE-ViewerTests/Info.plist";
				LD_RUNPATH_SEARCH_PATHS = (
					"$(inherited)",
					"@executable_path/../Frameworks",
					"@loader_path/../Frameworks",
				);
				MACOSX_DEPLOYMENT_TARGET = 10.15;
				PRODUCT_BUNDLE_IDENTIFIER = "de.heinrich.alexander.BLE-ViewerTests";
				PRODUCT_NAME = "$(TARGET_NAME)";
				SWIFT_VERSION = 5.0;
				TEST_HOST = "$(BUILT_PRODUCTS_DIR)/BLE-Viewer.app/Contents/MacOS/BLE-Viewer";
			};
			name = Debug;
		};
		FA83553C233A757100E4F46B /* Release */ = {
			isa = XCBuildConfiguration;
			buildSettings = {
				ALWAYS_EMBED_SWIFT_STANDARD_LIBRARIES = YES;
				BUNDLE_LOADER = "$(TEST_HOST)";
				CODE_SIGN_IDENTITY = "Mac Developer";
				CODE_SIGN_STYLE = Automatic;
				COMBINE_HIDPI_IMAGES = YES;
				DEVELOPMENT_TEAM = A5U65N39SD;
				INFOPLIST_FILE = "BLE-ViewerTests/Info.plist";
				LD_RUNPATH_SEARCH_PATHS = (
					"$(inherited)",
					"@executable_path/../Frameworks",
					"@loader_path/../Frameworks",
				);
				MACOSX_DEPLOYMENT_TARGET = 10.15;
				PRODUCT_BUNDLE_IDENTIFIER = "de.heinrich.alexander.BLE-ViewerTests";
				PRODUCT_NAME = "$(TARGET_NAME)";
				SWIFT_VERSION = 5.0;
				TEST_HOST = "$(BUILT_PRODUCTS_DIR)/BLE-Viewer.app/Contents/MacOS/BLE-Viewer";
			};
			name = Release;
		};
/* End XCBuildConfiguration section */

/* Begin XCConfigurationList section */
		FA835514233A756F00E4F46B /* Build configuration list for PBXProject "BLE-Viewer" */ = {
			isa = XCConfigurationList;
			buildConfigurations = (
				FA835535233A757100E4F46B /* Debug */,
				FA835536233A757100E4F46B /* Release */,
			);
			defaultConfigurationIsVisible = 0;
			defaultConfigurationName = Release;
		};
		FA835537233A757100E4F46B /* Build configuration list for PBXNativeTarget "BLE-Viewer" */ = {
			isa = XCConfigurationList;
			buildConfigurations = (
				FA835538233A757100E4F46B /* Debug */,
				FA835539233A757100E4F46B /* Release */,
			);
			defaultConfigurationIsVisible = 0;
			defaultConfigurationName = Release;
		};
		FA83553A233A757100E4F46B /* Build configuration list for PBXNativeTarget "BLE-ViewerTests" */ = {
			isa = XCConfigurationList;
			buildConfigurations = (
				FA83553B233A757100E4F46B /* Debug */,
				FA83553C233A757100E4F46B /* Release */,
			);
			defaultConfigurationIsVisible = 0;
			defaultConfigurationName = Release;
		};
/* End XCConfigurationList section */

/* Begin XCRemoteSwiftPackageReference section */
		FA835550233B82C800E4F46B /* XCRemoteSwiftPackageReference "CryptoSwift" */ = {
			isa = XCRemoteSwiftPackageReference;
			repositoryURL = "https://github.com/krzyzanowskim/CryptoSwift.git";
			requirement = {
				kind = upToNextMajorVersion;
				minimumVersion = 1.0.0;
			};
		};
/* End XCRemoteSwiftPackageReference section */

/* Begin XCSwiftPackageProductDependency section */
		FA835551233B82C800E4F46B /* CryptoSwift */ = {
			isa = XCSwiftPackageProductDependency;
			package = FA835550233B82C800E4F46B /* XCRemoteSwiftPackageReference "CryptoSwift" */;
			productName = CryptoSwift;
		};
/* End XCSwiftPackageProductDependency section */
	};
	rootObject = FA835511233A756F00E4F46B /* Project object */;
}
